// !$*UTF8*$!
{
	archiveVersion = 1;
	classes = {
	};
	objectVersion = 46;
	objects = {

/* Begin PBXBuildFile section */
		CE7A4A8314F9E06E0039101B /* JoyStick.m in Sources */ = {isa = PBXBuildFile; fileRef = CE7A4A8214F9E06E0039101B /* JoyStick.m */; };
		CE7A794814ECB05E00B8FA24 /* UIKit.framework in Frameworks */ = {isa = PBXBuildFile; fileRef = CE7A794714ECB05E00B8FA24 /* UIKit.framework */; };
		CE7A794A14ECB05E00B8FA24 /* Foundation.framework in Frameworks */ = {isa = PBXBuildFile; fileRef = CE7A794914ECB05E00B8FA24 /* Foundation.framework */; };
		CE7A794C14ECB05E00B8FA24 /* CoreGraphics.framework in Frameworks */ = {isa = PBXBuildFile; fileRef = CE7A794B14ECB05E00B8FA24 /* CoreGraphics.framework */; };
		CE7A795214ECB05E00B8FA24 /* InfoPlist.strings in Resources */ = {isa = PBXBuildFile; fileRef = CE7A795014ECB05E00B8FA24 /* InfoPlist.strings */; };
		CE7A795414ECB05E00B8FA24 /* main.m in Sources */ = {isa = PBXBuildFile; fileRef = CE7A795314ECB05E00B8FA24 /* main.m */; };
		CE7A795814ECB05E00B8FA24 /* AppDelegate.m in Sources */ = {isa = PBXBuildFile; fileRef = CE7A795714ECB05E00B8FA24 /* AppDelegate.m */; };
		CE7A795B14ECB05E00B8FA24 /* MainStoryboard.storyboard in Resources */ = {isa = PBXBuildFile; fileRef = CE7A795914ECB05E00B8FA24 /* MainStoryboard.storyboard */; };
		CE7A795E14ECB05E00B8FA24 /* ViewController.m in Sources */ = {isa = PBXBuildFile; fileRef = CE7A795D14ECB05E00B8FA24 /* ViewController.m */; };
		CE7A796E14EDEC1200B8FA24 /* GameViewController.m in Sources */ = {isa = PBXBuildFile; fileRef = CE7A796D14EDEC1200B8FA24 /* GameViewController.m */; };
		CE7A797114EDECBE00B8FA24 /* QuartzCore.framework in Frameworks */ = {isa = PBXBuildFile; fileRef = CE7A797014EDECBE00B8FA24 /* QuartzCore.framework */; };
		CE7A797314EDECC800B8FA24 /* OpenGLES.framework in Frameworks */ = {isa = PBXBuildFile; fileRef = CE7A797214EDECC800B8FA24 /* OpenGLES.framework */; };
		CE7A797514EDECCE00B8FA24 /* GLKit.framework in Frameworks */ = {isa = PBXBuildFile; fileRef = CE7A797414EDECCE00B8FA24 /* GLKit.framework */; };
		CE7A797814EDED5E00B8FA24 /* GameModel.m in Sources */ = {isa = PBXBuildFile; fileRef = CE7A797714EDED5E00B8FA24 /* GameModel.m */; };
		CE7ADDAD14F9752400FBD2EC /* Controls.m in Sources */ = {isa = PBXBuildFile; fileRef = CE7ADDAC14F9752400FBD2EC /* Controls.m */; };
		CE884EE214F73981001B26DA /* GLProgram.m in Sources */ = {isa = PBXBuildFile; fileRef = CE884EE114F73981001B26DA /* GLProgram.m */; };
		CEB48AAB14F3190F00E5AD9E /* Environment.m in Sources */ = {isa = PBXBuildFile; fileRef = CEB48AAA14F3190F00E5AD9E /* Environment.m */; };
		CEC12C6C14FC70F700EF1392 /* Tracker.m in Sources */ = {isa = PBXBuildFile; fileRef = CEC12C6B14FC70F700EF1392 /* Tracker.m */; };
		CEC5BCE615030A64003724F5 /* circle.png in Resources */ = {isa = PBXBuildFile; fileRef = CEC5BCE515030A64003724F5 /* circle.png */; };
		CEE52F891502BE1D00DDF174 /* particleShader.fsh in Resources */ = {isa = PBXBuildFile; fileRef = CEE52F821502BE0200DDF174 /* particleShader.fsh */; };
		CEE52F8A1502BE1D00DDF174 /* particleShader.vsh in Resources */ = {isa = PBXBuildFile; fileRef = CEE52F831502BE0200DDF174 /* particleShader.vsh */; };
		CEE52F8B1502BE1D00DDF174 /* particleShaderConstantColor.vsh in Resources */ = {isa = PBXBuildFile; fileRef = CEE52F841502BE0200DDF174 /* particleShaderConstantColor.vsh */; };
		CEE52F921502D18300DDF174 /* BloodParticle.m in Sources */ = {isa = PBXBuildFile; fileRef = CEE52F911502D18300DDF174 /* BloodParticle.m */; };
		CEE52F961502D18F00DDF174 /* Particles.m in Sources */ = {isa = PBXBuildFile; fileRef = CEE52F951502D18F00DDF174 /* Particles.m */; };
		CEECC22C14FC95CB008D2D13 /* PhysicsObject.m in Sources */ = {isa = PBXBuildFile; fileRef = CEECC22B14FC95CB008D2D13 /* PhysicsObject.m */; };
		CEECC23014FC99C3008D2D13 /* Character.m in Sources */ = {isa = PBXBuildFile; fileRef = CEECC22F14FC99C3008D2D13 /* Character.m */; };
		CEF52FFC1500914300C0029F /* BulletParticle.m in Sources */ = {isa = PBXBuildFile; fileRef = CEF52FFB1500914300C0029F /* BulletParticle.m */; };
/* End PBXBuildFile section */

/* Begin PBXFileReference section */
		CE7A4A8114F9E06E0039101B /* JoyStick.h */ = {isa = PBXFileReference; fileEncoding = 4; lastKnownFileType = sourcecode.c.h; path = JoyStick.h; sourceTree = "<group>"; };
		CE7A4A8214F9E06E0039101B /* JoyStick.m */ = {isa = PBXFileReference; fileEncoding = 4; lastKnownFileType = sourcecode.c.objc; path = JoyStick.m; sourceTree = "<group>"; };
		CE7A794314ECB05E00B8FA24 /* iPhoneGame.app */ = {isa = PBXFileReference; explicitFileType = wrapper.application; includeInIndex = 0; path = iPhoneGame.app; sourceTree = BUILT_PRODUCTS_DIR; };
		CE7A794714ECB05E00B8FA24 /* UIKit.framework */ = {isa = PBXFileReference; lastKnownFileType = wrapper.framework; name = UIKit.framework; path = System/Library/Frameworks/UIKit.framework; sourceTree = SDKROOT; };
		CE7A794914ECB05E00B8FA24 /* Foundation.framework */ = {isa = PBXFileReference; lastKnownFileType = wrapper.framework; name = Foundation.framework; path = System/Library/Frameworks/Foundation.framework; sourceTree = SDKROOT; };
		CE7A794B14ECB05E00B8FA24 /* CoreGraphics.framework */ = {isa = PBXFileReference; lastKnownFileType = wrapper.framework; name = CoreGraphics.framework; path = System/Library/Frameworks/CoreGraphics.framework; sourceTree = SDKROOT; };
		CE7A794F14ECB05E00B8FA24 /* iPhoneGame-Info.plist */ = {isa = PBXFileReference; lastKnownFileType = text.plist.xml; path = "iPhoneGame-Info.plist"; sourceTree = "<group>"; };
		CE7A795114ECB05E00B8FA24 /* en */ = {isa = PBXFileReference; lastKnownFileType = text.plist.strings; name = en; path = en.lproj/InfoPlist.strings; sourceTree = "<group>"; };
		CE7A795314ECB05E00B8FA24 /* main.m */ = {isa = PBXFileReference; lastKnownFileType = sourcecode.c.objc; path = main.m; sourceTree = "<group>"; };
		CE7A795514ECB05E00B8FA24 /* iPhoneGame-Prefix.pch */ = {isa = PBXFileReference; lastKnownFileType = sourcecode.c.h; path = "iPhoneGame-Prefix.pch"; sourceTree = "<group>"; };
		CE7A795614ECB05E00B8FA24 /* AppDelegate.h */ = {isa = PBXFileReference; lastKnownFileType = sourcecode.c.h; path = AppDelegate.h; sourceTree = "<group>"; };
		CE7A795714ECB05E00B8FA24 /* AppDelegate.m */ = {isa = PBXFileReference; lastKnownFileType = sourcecode.c.objc; path = AppDelegate.m; sourceTree = "<group>"; };
		CE7A795A14ECB05E00B8FA24 /* en */ = {isa = PBXFileReference; lastKnownFileType = file.storyboard; name = en; path = en.lproj/MainStoryboard.storyboard; sourceTree = "<group>"; };
		CE7A795C14ECB05E00B8FA24 /* ViewController.h */ = {isa = PBXFileReference; lastKnownFileType = sourcecode.c.h; path = ViewController.h; sourceTree = "<group>"; };
		CE7A795D14ECB05E00B8FA24 /* ViewController.m */ = {isa = PBXFileReference; lastKnownFileType = sourcecode.c.objc; path = ViewController.m; sourceTree = "<group>"; };
		CE7A796C14EDEC1200B8FA24 /* GameViewController.h */ = {isa = PBXFileReference; fileEncoding = 4; lastKnownFileType = sourcecode.c.h; path = GameViewController.h; sourceTree = "<group>"; };
		CE7A796D14EDEC1200B8FA24 /* GameViewController.m */ = {isa = PBXFileReference; fileEncoding = 4; lastKnownFileType = sourcecode.c.objc; path = GameViewController.m; sourceTree = "<group>"; };
		CE7A797014EDECBE00B8FA24 /* QuartzCore.framework */ = {isa = PBXFileReference; lastKnownFileType = wrapper.framework; name = QuartzCore.framework; path = System/Library/Frameworks/QuartzCore.framework; sourceTree = SDKROOT; };
		CE7A797214EDECC800B8FA24 /* OpenGLES.framework */ = {isa = PBXFileReference; lastKnownFileType = wrapper.framework; name = OpenGLES.framework; path = System/Library/Frameworks/OpenGLES.framework; sourceTree = SDKROOT; };
		CE7A797414EDECCE00B8FA24 /* GLKit.framework */ = {isa = PBXFileReference; lastKnownFileType = wrapper.framework; name = GLKit.framework; path = System/Library/Frameworks/GLKit.framework; sourceTree = SDKROOT; };
		CE7A797614EDED5E00B8FA24 /* GameModel.h */ = {isa = PBXFileReference; fileEncoding = 4; lastKnownFileType = sourcecode.c.h; path = GameModel.h; sourceTree = "<group>"; };
		CE7A797714EDED5E00B8FA24 /* GameModel.m */ = {isa = PBXFileReference; fileEncoding = 4; lastKnownFileType = sourcecode.c.objc; path = GameModel.m; sourceTree = "<group>"; };
		CE7ADDAB14F9752400FBD2EC /* Controls.h */ = {isa = PBXFileReference; fileEncoding = 4; lastKnownFileType = sourcecode.c.h; path = Controls.h; sourceTree = "<group>"; };
		CE7ADDAC14F9752400FBD2EC /* Controls.m */ = {isa = PBXFileReference; fileEncoding = 4; lastKnownFileType = sourcecode.c.objc; path = Controls.m; sourceTree = "<group>"; };
		CE884EE014F73981001B26DA /* GLProgram.h */ = {isa = PBXFileReference; fileEncoding = 4; lastKnownFileType = sourcecode.c.h; path = GLProgram.h; sourceTree = "<group>"; };
		CE884EE114F73981001B26DA /* GLProgram.m */ = {isa = PBXFileReference; fileEncoding = 4; lastKnownFileType = sourcecode.c.objc; path = GLProgram.m; sourceTree = "<group>"; };
		CEB48AA914F3190F00E5AD9E /* Environment.h */ = {isa = PBXFileReference; fileEncoding = 4; lastKnownFileType = sourcecode.c.h; path = Environment.h; sourceTree = "<group>"; };
		CEB48AAA14F3190F00E5AD9E /* Environment.m */ = {isa = PBXFileReference; fileEncoding = 4; lastKnownFileType = sourcecode.c.objc; path = Environment.m; sourceTree = "<group>"; };
		CEBEF6B914FAD553008913F4 /* GameConstants.h */ = {isa = PBXFileReference; fileEncoding = 4; lastKnownFileType = sourcecode.c.h; path = GameConstants.h; sourceTree = "<group>"; };
		CEC12C6A14FC70F700EF1392 /* Tracker.h */ = {isa = PBXFileReference; fileEncoding = 4; lastKnownFileType = sourcecode.c.h; path = Tracker.h; sourceTree = "<group>"; };
		CEC12C6B14FC70F700EF1392 /* Tracker.m */ = {isa = PBXFileReference; fileEncoding = 4; lastKnownFileType = sourcecode.c.objc; path = Tracker.m; sourceTree = "<group>"; };
		CEC5BCE515030A64003724F5 /* circle.png */ = {isa = PBXFileReference; lastKnownFileType = image.png; path = circle.png; sourceTree = "<group>"; };
		CEE52F821502BE0200DDF174 /* particleShader.fsh */ = {isa = PBXFileReference; fileEncoding = 4; lastKnownFileType = sourcecode.glsl; name = particleShader.fsh; path = shaders/particleShader.fsh; sourceTree = "<group>"; };
		CEE52F831502BE0200DDF174 /* particleShader.vsh */ = {isa = PBXFileReference; fileEncoding = 4; lastKnownFileType = sourcecode.glsl; name = particleShader.vsh; path = shaders/particleShader.vsh; sourceTree = "<group>"; };
		CEE52F841502BE0200DDF174 /* particleShaderConstantColor.vsh */ = {isa = PBXFileReference; fileEncoding = 4; lastKnownFileType = sourcecode.glsl; name = particleShaderConstantColor.vsh; path = shaders/particleShaderConstantColor.vsh; sourceTree = "<group>"; };
		CEE52F901502D18300DDF174 /* BloodParticle.h */ = {isa = PBXFileReference; fileEncoding = 4; lastKnownFileType = sourcecode.c.h; path = BloodParticle.h; sourceTree = "<group>"; };
		CEE52F911502D18300DDF174 /* BloodParticle.m */ = {isa = PBXFileReference; fileEncoding = 4; lastKnownFileType = sourcecode.c.objc; path = BloodParticle.m; sourceTree = "<group>"; };
		CEE52F941502D18F00DDF174 /* Particles.h */ = {isa = PBXFileReference; fileEncoding = 4; lastKnownFileType = sourcecode.c.h; path = Particles.h; sourceTree = "<group>"; };
		CEE52F951502D18F00DDF174 /* Particles.m */ = {isa = PBXFileReference; fileEncoding = 4; lastKnownFileType = sourcecode.c.objc; path = Particles.m; sourceTree = "<group>"; };
		CEECC22A14FC95CB008D2D13 /* PhysicsObject.h */ = {isa = PBXFileReference; fileEncoding = 4; lastKnownFileType = sourcecode.c.h; path = PhysicsObject.h; sourceTree = "<group>"; };
		CEECC22B14FC95CB008D2D13 /* PhysicsObject.m */ = {isa = PBXFileReference; fileEncoding = 4; lastKnownFileType = sourcecode.c.objc; path = PhysicsObject.m; sourceTree = "<group>"; };
		CEECC22E14FC99C3008D2D13 /* Character.h */ = {isa = PBXFileReference; fileEncoding = 4; lastKnownFileType = sourcecode.c.h; path = Character.h; sourceTree = "<group>"; };
		CEECC22F14FC99C3008D2D13 /* Character.m */ = {isa = PBXFileReference; fileEncoding = 4; lastKnownFileType = sourcecode.c.objc; path = Character.m; sourceTree = "<group>"; };
		CEF52FFA1500914300C0029F /* BulletParticle.h */ = {isa = PBXFileReference; fileEncoding = 4; lastKnownFileType = sourcecode.c.h; path = BulletParticle.h; sourceTree = "<group>"; };
		CEF52FFB1500914300C0029F /* BulletParticle.m */ = {isa = PBXFileReference; fileEncoding = 4; lastKnownFileType = sourcecode.c.objc; path = BulletParticle.m; sourceTree = "<group>"; };
/* End PBXFileReference section */

/* Begin PBXFrameworksBuildPhase section */
		CE7A794014ECB05E00B8FA24 /* Frameworks */ = {
			isa = PBXFrameworksBuildPhase;
			buildActionMask = 2147483647;
			files = (
				CE7A797514EDECCE00B8FA24 /* GLKit.framework in Frameworks */,
				CE7A797314EDECC800B8FA24 /* OpenGLES.framework in Frameworks */,
				CE7A797114EDECBE00B8FA24 /* QuartzCore.framework in Frameworks */,
				CE7A794814ECB05E00B8FA24 /* UIKit.framework in Frameworks */,
				CE7A794A14ECB05E00B8FA24 /* Foundation.framework in Frameworks */,
				CE7A794C14ECB05E00B8FA24 /* CoreGraphics.framework in Frameworks */,
			);
			runOnlyForDeploymentPostprocessing = 0;
		};
/* End PBXFrameworksBuildPhase section */

/* Begin PBXGroup section */
		CE7A793814ECB05E00B8FA24 = {
			isa = PBXGroup;
			children = (
				CE7A794D14ECB05E00B8FA24 /* iPhoneGame */,
				CE7A794614ECB05E00B8FA24 /* Frameworks */,
				CE7A794414ECB05E00B8FA24 /* Products */,
			);
			sourceTree = "<group>";
		};
		CE7A794414ECB05E00B8FA24 /* Products */ = {
			isa = PBXGroup;
			children = (
				CE7A794314ECB05E00B8FA24 /* iPhoneGame.app */,
			);
			name = Products;
			sourceTree = "<group>";
		};
		CE7A794614ECB05E00B8FA24 /* Frameworks */ = {
			isa = PBXGroup;
			children = (
				CE7A797414EDECCE00B8FA24 /* GLKit.framework */,
				CE7A797214EDECC800B8FA24 /* OpenGLES.framework */,
				CE7A797014EDECBE00B8FA24 /* QuartzCore.framework */,
				CE7A794714ECB05E00B8FA24 /* UIKit.framework */,
				CE7A794914ECB05E00B8FA24 /* Foundation.framework */,
				CE7A794B14ECB05E00B8FA24 /* CoreGraphics.framework */,
			);
			name = Frameworks;
			sourceTree = "<group>";
		};
		CE7A794D14ECB05E00B8FA24 /* iPhoneGame */ = {
			isa = PBXGroup;
			children = (
				CE7A795914ECB05E00B8FA24 /* MainStoryboard.storyboard */,
				CEBEF6B914FAD553008913F4 /* GameConstants.h */,
				CE7A795614ECB05E00B8FA24 /* AppDelegate.h */,
				CE7A795714ECB05E00B8FA24 /* AppDelegate.m */,
				CE7A795C14ECB05E00B8FA24 /* ViewController.h */,
				CE7A795D14ECB05E00B8FA24 /* ViewController.m */,
				CE7A796C14EDEC1200B8FA24 /* GameViewController.h */,
				CE7A796D14EDEC1200B8FA24 /* GameViewController.m */,
				CE7A797614EDED5E00B8FA24 /* GameModel.h */,
				CE7A797714EDED5E00B8FA24 /* GameModel.m */,
				CEB48AA914F3190F00E5AD9E /* Environment.h */,
				CEB48AAA14F3190F00E5AD9E /* Environment.m */,
				CEECC22A14FC95CB008D2D13 /* PhysicsObject.h */,
				CEECC22B14FC95CB008D2D13 /* PhysicsObject.m */,
				CEECC22E14FC99C3008D2D13 /* Character.h */,
				CEECC22F14FC99C3008D2D13 /* Character.m */,
				CEC12C6A14FC70F700EF1392 /* Tracker.h */,
				CEC12C6B14FC70F700EF1392 /* Tracker.m */,
				CEC5BCE115030367003724F5 /* Particles */,
				CEC5BCE315030373003724F5 /* Controls */,
				CEC570B514F4B00F003F345A /* Shaders */,
				CEC5BCE415030A64003724F5 /* Textures */,
				CE7A794E14ECB05E00B8FA24 /* Supporting Files */,
			);
			path = iPhoneGame;
			sourceTree = "<group>";
		};
		CE7A794E14ECB05E00B8FA24 /* Supporting Files */ = {
			isa = PBXGroup;
			children = (
				CE7A794F14ECB05E00B8FA24 /* iPhoneGame-Info.plist */,
				CE7A795014ECB05E00B8FA24 /* InfoPlist.strings */,
				CE7A795314ECB05E00B8FA24 /* main.m */,
				CE7A795514ECB05E00B8FA24 /* iPhoneGame-Prefix.pch */,
			);
			name = "Supporting Files";
			sourceTree = "<group>";
		};
		CEC570B514F4B00F003F345A /* Shaders */ = {
			isa = PBXGroup;
			children = (
				CE884EE014F73981001B26DA /* GLProgram.h */,
				CE884EE114F73981001B26DA /* GLProgram.m */,
				CEE52F821502BE0200DDF174 /* particleShader.fsh */,
				CEE52F831502BE0200DDF174 /* particleShader.vsh */,
				CEE52F841502BE0200DDF174 /* particleShaderConstantColor.vsh */,
			);
			name = Shaders;
			sourceTree = "<group>";
		};
		CEC5BCE115030367003724F5 /* Particles */ = {
			isa = PBXGroup;
			children = (
				CEE52F941502D18F00DDF174 /* Particles.h */,
				CEE52F951502D18F00DDF174 /* Particles.m */,
				CEF52FFA1500914300C0029F /* BulletParticle.h */,
				CEF52FFB1500914300C0029F /* BulletParticle.m */,
				CEE52F901502D18300DDF174 /* BloodParticle.h */,
				CEE52F911502D18300DDF174 /* BloodParticle.m */,
			);
			name = Particles;
			sourceTree = "<group>";
		};
		CEC5BCE315030373003724F5 /* Controls */ = {
			isa = PBXGroup;
			children = (
				CE7ADDAB14F9752400FBD2EC /* Controls.h */,
				CE7ADDAC14F9752400FBD2EC /* Controls.m */,
				CE7A4A8114F9E06E0039101B /* JoyStick.h */,
				CE7A4A8214F9E06E0039101B /* JoyStick.m */,
			);
			name = Controls;
			sourceTree = "<group>";
		};
		CEC5BCE415030A64003724F5 /* Textures */ = {
			isa = PBXGroup;
			children = (
				CEC5BCE515030A64003724F5 /* circle.png */,
			);
			name = Textures;
			path = textures;
			sourceTree = "<group>";
		};
/* End PBXGroup section */

/* Begin PBXNativeTarget section */
		CE7A794214ECB05E00B8FA24 /* iPhoneGame */ = {
			isa = PBXNativeTarget;
			buildConfigurationList = CE7A796114ECB05E00B8FA24 /* Build configuration list for PBXNativeTarget "iPhoneGame" */;
			buildPhases = (
				CE7A793F14ECB05E00B8FA24 /* Sources */,
				CE7A794014ECB05E00B8FA24 /* Frameworks */,
				CE7A794114ECB05E00B8FA24 /* Resources */,
			);
			buildRules = (
			);
			dependencies = (
			);
			name = iPhoneGame;
			productName = iPhoneGame;
			productReference = CE7A794314ECB05E00B8FA24 /* iPhoneGame.app */;
			productType = "com.apple.product-type.application";
		};
/* End PBXNativeTarget section */

/* Begin PBXProject section */
		CE7A793A14ECB05E00B8FA24 /* Project object */ = {
			isa = PBXProject;
			attributes = {
				LastUpgradeCheck = 0420;
			};
			buildConfigurationList = CE7A793D14ECB05E00B8FA24 /* Build configuration list for PBXProject "iPhoneGame" */;
			compatibilityVersion = "Xcode 3.2";
			developmentRegion = English;
			hasScannedForEncodings = 0;
			knownRegions = (
				en,
			);
			mainGroup = CE7A793814ECB05E00B8FA24;
			productRefGroup = CE7A794414ECB05E00B8FA24 /* Products */;
			projectDirPath = "";
			projectRoot = "";
			targets = (
				CE7A794214ECB05E00B8FA24 /* iPhoneGame */,
			);
		};
/* End PBXProject section */

/* Begin PBXResourcesBuildPhase section */
		CE7A794114ECB05E00B8FA24 /* Resources */ = {
			isa = PBXResourcesBuildPhase;
			buildActionMask = 2147483647;
			files = (
				CEE52F891502BE1D00DDF174 /* particleShader.fsh in Resources */,
				CEE52F8A1502BE1D00DDF174 /* particleShader.vsh in Resources */,
				CEE52F8B1502BE1D00DDF174 /* particleShaderConstantColor.vsh in Resources */,
				CE7A795214ECB05E00B8FA24 /* InfoPlist.strings in Resources */,
				CE7A795B14ECB05E00B8FA24 /* MainStoryboard.storyboard in Resources */,
				CEC5BCE615030A64003724F5 /* circle.png in Resources */,
			);
			runOnlyForDeploymentPostprocessing = 0;
		};
/* End PBXResourcesBuildPhase section */

/* Begin PBXSourcesBuildPhase section */
		CE7A793F14ECB05E00B8FA24 /* Sources */ = {
			isa = PBXSourcesBuildPhase;
			buildActionMask = 2147483647;
			files = (
				CE7A795414ECB05E00B8FA24 /* main.m in Sources */,
				CE7A795814ECB05E00B8FA24 /* AppDelegate.m in Sources */,
				CE7A795E14ECB05E00B8FA24 /* ViewController.m in Sources */,
				CE7A796E14EDEC1200B8FA24 /* GameViewController.m in Sources */,
				CE7A797814EDED5E00B8FA24 /* GameModel.m in Sources */,
				CEB48AAB14F3190F00E5AD9E /* Environment.m in Sources */,
				CE884EE214F73981001B26DA /* GLProgram.m in Sources */,
				CE7ADDAD14F9752400FBD2EC /* Controls.m in Sources */,
				CE7A4A8314F9E06E0039101B /* JoyStick.m in Sources */,
				CEC12C6C14FC70F700EF1392 /* Tracker.m in Sources */,
				CEECC22C14FC95CB008D2D13 /* PhysicsObject.m in Sources */,
				CEECC23014FC99C3008D2D13 /* Character.m in Sources */,
				CEF52FFC1500914300C0029F /* BulletParticle.m in Sources */,
				CEE52F921502D18300DDF174 /* BloodParticle.m in Sources */,
				CEE52F961502D18F00DDF174 /* Particles.m in Sources */,
			);
			runOnlyForDeploymentPostprocessing = 0;
		};
/* End PBXSourcesBuildPhase section */

/* Begin PBXVariantGroup section */
		CE7A795014ECB05E00B8FA24 /* InfoPlist.strings */ = {
			isa = PBXVariantGroup;
			children = (
				CE7A795114ECB05E00B8FA24 /* en */,
			);
			name = InfoPlist.strings;
			sourceTree = "<group>";
		};
		CE7A795914ECB05E00B8FA24 /* MainStoryboard.storyboard */ = {
			isa = PBXVariantGroup;
			children = (
				CE7A795A14ECB05E00B8FA24 /* en */,
			);
			name = MainStoryboard.storyboard;
			sourceTree = "<group>";
		};
/* End PBXVariantGroup section */

/* Begin XCBuildConfiguration section */
		CE7A795F14ECB05E00B8FA24 /* Debug */ = {
			isa = XCBuildConfiguration;
			buildSettings = {
				ALWAYS_SEARCH_USER_PATHS = NO;
				ARCHS = "$(ARCHS_STANDARD_32_BIT)";
				CLANG_ENABLE_OBJC_ARC = YES;
				"CODE_SIGN_IDENTITY[sdk=iphoneos*]" = "iPhone Developer";
				COPY_PHASE_STRIP = NO;
				GCC_C_LANGUAGE_STANDARD = gnu99;
				GCC_DYNAMIC_NO_PIC = NO;
				GCC_OPTIMIZATION_LEVEL = 0;
				GCC_PREPROCESSOR_DEFINITIONS = (
					"DEBUG=1",
					"$(inherited)",
				);
				GCC_SYMBOLS_PRIVATE_EXTERN = NO;
				GCC_VERSION = com.apple.compilers.llvm.clang.1_0;
				GCC_WARN_ABOUT_MISSING_PROTOTYPES = YES;
				GCC_WARN_ABOUT_RETURN_TYPE = YES;
				GCC_WARN_UNUSED_VARIABLE = YES;
				IPHONEOS_DEPLOYMENT_TARGET = 5.0;
				SDKROOT = iphoneos;
			};
			name = Debug;
		};
		CE7A796014ECB05E00B8FA24 /* Release */ = {
			isa = XCBuildConfiguration;
			buildSettings = {
				ALWAYS_SEARCH_USER_PATHS = NO;
				ARCHS = "$(ARCHS_STANDARD_32_BIT)";
				CLANG_ENABLE_OBJC_ARC = YES;
				"CODE_SIGN_IDENTITY[sdk=iphoneos*]" = "iPhone Developer";
				COPY_PHASE_STRIP = YES;
				GCC_C_LANGUAGE_STANDARD = gnu99;
				GCC_VERSION = com.apple.compilers.llvm.clang.1_0;
				GCC_WARN_ABOUT_MISSING_PROTOTYPES = YES;
				GCC_WARN_ABOUT_RETURN_TYPE = YES;
				GCC_WARN_UNUSED_VARIABLE = YES;
				IPHONEOS_DEPLOYMENT_TARGET = 5.0;
				OTHER_CFLAGS = "-DNS_BLOCK_ASSERTIONS=1";
				SDKROOT = iphoneos;
				VALIDATE_PRODUCT = YES;
			};
			name = Release;
		};
		CE7A796214ECB05E00B8FA24 /* Debug */ = {
			isa = XCBuildConfiguration;
			buildSettings = {
				GCC_PRECOMPILE_PREFIX_HEADER = YES;
				GCC_PREFIX_HEADER = "iPhoneGame/iPhoneGame-Prefix.pch";
				INFOPLIST_FILE = "iPhoneGame/iPhoneGame-Info.plist";
				PRODUCT_NAME = "$(TARGET_NAME)";
				WRAPPER_EXTENSION = app;
			};
			name = Debug;
		};
		CE7A796314ECB05E00B8FA24 /* Release */ = {
			isa = XCBuildConfiguration;
			buildSettings = {
				GCC_PRECOMPILE_PREFIX_HEADER = YES;
				GCC_PREFIX_HEADER = "iPhoneGame/iPhoneGame-Prefix.pch";
				INFOPLIST_FILE = "iPhoneGame/iPhoneGame-Info.plist";
				PRODUCT_NAME = "$(TARGET_NAME)";
				WRAPPER_EXTENSION = app;
			};
			name = Release;
		};
/* End XCBuildConfiguration section */

/* Begin XCConfigurationList section */
		CE7A793D14ECB05E00B8FA24 /* Build configuration list for PBXProject "iPhoneGame" */ = {
			isa = XCConfigurationList;
			buildConfigurations = (
				CE7A795F14ECB05E00B8FA24 /* Debug */,
				CE7A796014ECB05E00B8FA24 /* Release */,
			);
			defaultConfigurationIsVisible = 0;
			defaultConfigurationName = Release;
		};
		CE7A796114ECB05E00B8FA24 /* Build configuration list for PBXNativeTarget "iPhoneGame" */ = {
			isa = XCConfigurationList;
			buildConfigurations = (
				CE7A796214ECB05E00B8FA24 /* Debug */,
				CE7A796314ECB05E00B8FA24 /* Release */,
			);
			defaultConfigurationIsVisible = 0;
			defaultConfigurationName = Release;
		};
/* End XCConfigurationList section */
	};
	rootObject = CE7A793A14ECB05E00B8FA24 /* Project object */;
}
